
Microsoft Visual Studio Solution File, Format Version 12.00
# Visual Studio Version 17
VisualStudioVersion = 17.9.34728.123
MinimumVisualStudioVersion = 10.0.40219.1
Project("{FAE04EC0-301F-11D3-BF4B-00C04F79EFBC}") = "TpFinalEquipo29", "TpFinalEquipo29\TpFinalEquipo29.csproj", "{1BF2BCF4-5F62-4F7B-ACC8-4D10F0BF3A8D}"
EndProject
Project("{FAE04EC0-301F-11D3-BF4B-00C04F79EFBC}") = "Business", "Business\Business.csproj", "{48ED2666-F296-423F-BD53-5213D5A3924B}"
EndProject
Project("{FAE04EC0-301F-11D3-BF4B-00C04F79EFBC}") = "Dao", "Dao\Dao.csproj", "{0AF9EE05-F8BC-492A-83E8-7465B76B8E31}"
EndProject
Project("{FAE04EC0-301F-11D3-BF4B-00C04F79EFBC}") = "Domain", "Domain\Domain.csproj", "{839AD87F-0CCE-46E9-9685-C8B3EC830B1E}"
EndProject
Global
	GlobalSection(SolutionConfigurationPlatforms) = preSolution
		Debug|Any CPU = Debug|Any CPU
		Release|Any CPU = Release|Any CPU
	EndGlobalSection
	GlobalSection(ProjectConfigurationPlatforms) = postSolution
		{1BF2BCF4-5F62-4F7B-ACC8-4D10F0BF3A8D}.Debug|Any CPU.ActiveCfg = Debug|Any CPU
		{1BF2BCF4-5F62-4F7B-ACC8-4D10F0BF3A8D}.Debug|Any CPU.Build.0 = Debug|Any CPU
		{1BF2BCF4-5F62-4F7B-ACC8-4D10F0BF3A8D}.Release|Any CPU.ActiveCfg = Release|Any CPU
		{1BF2BCF4-5F62-4F7B-ACC8-4D10F0BF3A8D}.Release|Any CPU.Build.0 = Release|Any CPU
		{48ED2666-F296-423F-BD53-5213D5A3924B}.Debug|Any CPU.ActiveCfg = Debug|Any CPU
		{48ED2666-F296-423F-BD53-5213D5A3924B}.Debug|Any CPU.Build.0 = Debug|Any CPU
		{48ED2666-F296-423F-BD53-5213D5A3924B}.Release|Any CPU.ActiveCfg = Release|Any CPU
		{48ED2666-F296-423F-BD53-5213D5A3924B}.Release|Any CPU.Build.0 = Release|Any CPU
		{0AF9EE05-F8BC-492A-83E8-7465B76B8E31}.Debug|Any CPU.ActiveCfg = Debug|Any CPU
		{0AF9EE05-F8BC-492A-83E8-7465B76B8E31}.Debug|Any CPU.Build.0 = Debug|Any CPU
		{0AF9EE05-F8BC-492A-83E8-7465B76B8E31}.Release|Any CPU.ActiveCfg = Release|Any CPU
		{0AF9EE05-F8BC-492A-83E8-7465B76B8E31}.Release|Any CPU.Build.0 = Release|Any CPU
		{839AD87F-0CCE-46E9-9685-C8B3EC830B1E}.Debug|Any CPU.ActiveCfg = Debug|Any CPU
		{839AD87F-0CCE-46E9-9685-C8B3EC830B1E}.Debug|Any CPU.Build.0 = Debug|Any CPU
		{839AD87F-0CCE-46E9-9685-C8B3EC830B1E}.Release|Any CPU.ActiveCfg = Release|Any CPU
		{839AD87F-0CCE-46E9-9685-C8B3EC830B1E}.Release|Any CPU.Build.0 = Release|Any CPU
	EndGlobalSection
	GlobalSection(SolutionProperties) = preSolution
		HideSolutionNode = FALSE
	EndGlobalSection
	GlobalSection(ExtensibilityGlobals) = postSolution
		SolutionGuid = {74856285-73B4-4C56-9BB7-924CA93A228E}
	EndGlobalSection
EndGlobal
